// !$*UTF8*$!
{
	archiveVersion = 1;
	classes = {
	};
	objectVersion = 46;
	objects = {

/* Begin PBXBuildFile section */
		F5F26C641F62E6D700E036B8 /* AppDelegate.swift in Sources */ = {isa = PBXBuildFile; fileRef = F5F26C631F62E6D700E036B8 /* AppDelegate.swift */; };
		F5F26C661F62E6D700E036B8 /* ViewController.swift in Sources */ = {isa = PBXBuildFile; fileRef = F5F26C651F62E6D700E036B8 /* ViewController.swift */; };
		F5F26C691F62E6D700E036B8 /* Main.storyboard in Resources */ = {isa = PBXBuildFile; fileRef = F5F26C671F62E6D700E036B8 /* Main.storyboard */; };
		F5F26C6B1F62E6D700E036B8 /* Assets.xcassets in Resources */ = {isa = PBXBuildFile; fileRef = F5F26C6A1F62E6D700E036B8 /* Assets.xcassets */; };
		F5F26C6E1F62E6D700E036B8 /* LaunchScreen.storyboard in Resources */ = {isa = PBXBuildFile; fileRef = F5F26C6C1F62E6D700E036B8 /* LaunchScreen.storyboard */; };
		F5F26C791F62E6D700E036B8 /* Route_FinderTests.swift in Sources */ = {isa = PBXBuildFile; fileRef = F5F26C781F62E6D700E036B8 /* Route_FinderTests.swift */; };
		F5F26C841F62E6D700E036B8 /* Route_FinderUITests.swift in Sources */ = {isa = PBXBuildFile; fileRef = F5F26C831F62E6D700E036B8 /* Route_FinderUITests.swift */; };
/* End PBXBuildFile section */

/* Begin PBXContainerItemProxy section */
		F5F26C751F62E6D700E036B8 /* PBXContainerItemProxy */ = {
			isa = PBXContainerItemProxy;
			containerPortal = F5F26C581F62E6D700E036B8 /* Project object */;
			proxyType = 1;
			remoteGlobalIDString = F5F26C5F1F62E6D700E036B8;
			remoteInfo = "Route Finder";
		};
		F5F26C801F62E6D700E036B8 /* PBXContainerItemProxy */ = {
			isa = PBXContainerItemProxy;
			containerPortal = F5F26C581F62E6D700E036B8 /* Project object */;
			proxyType = 1;
			remoteGlobalIDString = F5F26C5F1F62E6D700E036B8;
			remoteInfo = "Route Finder";
		};
/* End PBXContainerItemProxy section */

/* Begin PBXFileReference section */
		F5F26C601F62E6D700E036B8 /* Route Finder.app */ = {isa = PBXFileReference; explicitFileType = wrapper.application; includeInIndex = 0; path = "Route Finder.app"; sourceTree = BUILT_PRODUCTS_DIR; };
		F5F26C631F62E6D700E036B8 /* AppDelegate.swift */ = {isa = PBXFileReference; lastKnownFileType = sourcecode.swift; path = AppDelegate.swift; sourceTree = "<group>"; };
		F5F26C651F62E6D700E036B8 /* ViewController.swift */ = {isa = PBXFileReference; lastKnownFileType = sourcecode.swift; path = ViewController.swift; sourceTree = "<group>"; };
		F5F26C681F62E6D700E036B8 /* Base */ = {isa = PBXFileReference; lastKnownFileType = file.storyboard; name = Base; path = Base.lproj/Main.storyboard; sourceTree = "<group>"; };
		F5F26C6A1F62E6D700E036B8 /* Assets.xcassets */ = {isa = PBXFileReference; lastKnownFileType = folder.assetcatalog; path = Assets.xcassets; sourceTree = "<group>"; };
		F5F26C6D1F62E6D700E036B8 /* Base */ = {isa = PBXFileReference; lastKnownFileType = file.storyboard; name = Base; path = Base.lproj/LaunchScreen.storyboard; sourceTree = "<group>"; };
		F5F26C6F1F62E6D700E036B8 /* Info.plist */ = {isa = PBXFileReference; lastKnownFileType = text.plist.xml; path = Info.plist; sourceTree = "<group>"; };
		F5F26C741F62E6D700E036B8 /* Route FinderTests.xctest */ = {isa = PBXFileReference; explicitFileType = wrapper.cfbundle; includeInIndex = 0; path = "Route FinderTests.xctest"; sourceTree = BUILT_PRODUCTS_DIR; };
		F5F26C781F62E6D700E036B8 /* Route_FinderTests.swift */ = {isa = PBXFileReference; lastKnownFileType = sourcecode.swift; path = Route_FinderTests.swift; sourceTree = "<group>"; };
		F5F26C7A1F62E6D700E036B8 /* Info.plist */ = {isa = PBXFileReference; lastKnownFileType = text.plist.xml; path = Info.plist; sourceTree = "<group>"; };
		F5F26C7F1F62E6D700E036B8 /* Route FinderUITests.xctest */ = {isa = PBXFileReference; explicitFileType = wrapper.cfbundle; includeInIndex = 0; path = "Route FinderUITests.xctest"; sourceTree = BUILT_PRODUCTS_DIR; };
		F5F26C831F62E6D700E036B8 /* Route_FinderUITests.swift */ = {isa = PBXFileReference; lastKnownFileType = sourcecode.swift; path = Route_FinderUITests.swift; sourceTree = "<group>"; };
		F5F26C851F62E6D700E036B8 /* Info.plist */ = {isa = PBXFileReference; lastKnownFileType = text.plist.xml; path = Info.plist; sourceTree = "<group>"; };
/* End PBXFileReference section */

/* Begin PBXFrameworksBuildPhase section */
		F5F26C5D1F62E6D700E036B8 /* Frameworks */ = {
			isa = PBXFrameworksBuildPhase;
			buildActionMask = 2147483647;
			files = (
			);
			runOnlyForDeploymentPostprocessing = 0;
		};
		F5F26C711F62E6D700E036B8 /* Frameworks */ = {
			isa = PBXFrameworksBuildPhase;
			buildActionMask = 2147483647;
			files = (
			);
			runOnlyForDeploymentPostprocessing = 0;
		};
		F5F26C7C1F62E6D700E036B8 /* Frameworks */ = {
			isa = PBXFrameworksBuildPhase;
			buildActionMask = 2147483647;
			files = (
			);
			runOnlyForDeploymentPostprocessing = 0;
		};
/* End PBXFrameworksBuildPhase section */

/* Begin PBXGroup section */
		F5F26C571F62E6D700E036B8 = {
			isa = PBXGroup;
			children = (
				F5F26C621F62E6D700E036B8 /* Route Finder */,
				F5F26C771F62E6D700E036B8 /* Route FinderTests */,
				F5F26C821F62E6D700E036B8 /* Route FinderUITests */,
				F5F26C611F62E6D700E036B8 /* Products */,
			);
			sourceTree = "<group>";
		};
		F5F26C611F62E6D700E036B8 /* Products */ = {
			isa = PBXGroup;
			children = (
				F5F26C601F62E6D700E036B8 /* Route Finder.app */,
				F5F26C741F62E6D700E036B8 /* Route FinderTests.xctest */,
				F5F26C7F1F62E6D700E036B8 /* Route FinderUITests.xctest */,
			);
			name = Products;
			sourceTree = "<group>";
		};
		F5F26C621F62E6D700E036B8 /* Route Finder */ = {
			isa = PBXGroup;
			children = (
				F5F26C631F62E6D700E036B8 /* AppDelegate.swift */,
				F5F26C651F62E6D700E036B8 /* ViewController.swift */,
				F5F26C671F62E6D700E036B8 /* Main.storyboard */,
				F5F26C6A1F62E6D700E036B8 /* Assets.xcassets */,
				F5F26C6C1F62E6D700E036B8 /* LaunchScreen.storyboard */,
				F5F26C6F1F62E6D700E036B8 /* Info.plist */,
			);
			path = "Route Finder";
			sourceTree = "<group>";
		};
		F5F26C771F62E6D700E036B8 /* Route FinderTests */ = {
			isa = PBXGroup;
			children = (
				F5F26C781F62E6D700E036B8 /* Route_FinderTests.swift */,
				F5F26C7A1F62E6D700E036B8 /* Info.plist */,
			);
			path = "Route FinderTests";
			sourceTree = "<group>";
		};
		F5F26C821F62E6D700E036B8 /* Route FinderUITests */ = {
			isa = PBXGroup;
			children = (
				F5F26C831F62E6D700E036B8 /* Route_FinderUITests.swift */,
				F5F26C851F62E6D700E036B8 /* Info.plist */,
			);
			path = "Route FinderUITests";
			sourceTree = "<group>";
		};
/* End PBXGroup section */

/* Begin PBXNativeTarget section */
		F5F26C5F1F62E6D700E036B8 /* Route Finder */ = {
			isa = PBXNativeTarget;
			buildConfigurationList = F5F26C881F62E6D700E036B8 /* Build configuration list for PBXNativeTarget "Route Finder" */;
			buildPhases = (
				F5F26C5C1F62E6D700E036B8 /* Sources */,
				F5F26C5D1F62E6D700E036B8 /* Frameworks */,
				F5F26C5E1F62E6D700E036B8 /* Resources */,
			);
			buildRules = (
			);
			dependencies = (
			);
			name = "Route Finder";
			productName = "Route Finder";
			productReference = F5F26C601F62E6D700E036B8 /* Route Finder.app */;
			productType = "com.apple.product-type.application";
		};
		F5F26C731F62E6D700E036B8 /* Route FinderTests */ = {
			isa = PBXNativeTarget;
			buildConfigurationList = F5F26C8B1F62E6D700E036B8 /* Build configuration list for PBXNativeTarget "Route FinderTests" */;
			buildPhases = (
				F5F26C701F62E6D700E036B8 /* Sources */,
				F5F26C711F62E6D700E036B8 /* Frameworks */,
				F5F26C721F62E6D700E036B8 /* Resources */,
			);
			buildRules = (
			);
			dependencies = (
				F5F26C761F62E6D700E036B8 /* PBXTargetDependency */,
			);
			name = "Route FinderTests";
			productName = "Route FinderTests";
			productReference = F5F26C741F62E6D700E036B8 /* Route FinderTests.xctest */;
			productType = "com.apple.product-type.bundle.unit-test";
		};
		F5F26C7E1F62E6D700E036B8 /* Route FinderUITests */ = {
			isa = PBXNativeTarget;
			buildConfigurationList = F5F26C8E1F62E6D700E036B8 /* Build configuration list for PBXNativeTarget "Route FinderUITests" */;
			buildPhases = (
				F5F26C7B1F62E6D700E036B8 /* Sources */,
				F5F26C7C1F62E6D700E036B8 /* Frameworks */,
				F5F26C7D1F62E6D700E036B8 /* Resources */,
			);
			buildRules = (
			);
			dependencies = (
				F5F26C811F62E6D700E036B8 /* PBXTargetDependency */,
			);
			name = "Route FinderUITests";
			productName = "Route FinderUITests";
			productReference = F5F26C7F1F62E6D700E036B8 /* Route FinderUITests.xctest */;
			productType = "com.apple.product-type.bundle.ui-testing";
		};
/* End PBXNativeTarget section */

/* Begin PBXProject section */
		F5F26C581F62E6D700E036B8 /* Project object */ = {
			isa = PBXProject;
			attributes = {
				LastSwiftUpdateCheck = 0830;
				LastUpgradeCheck = 0830;
				ORGANIZATIONNAME = "Bill Proudfoot";
				TargetAttributes = {
					F5F26C5F1F62E6D700E036B8 = {
						CreatedOnToolsVersion = 8.3.3;
						DevelopmentTeam = 8539ME5Z8R;
						ProvisioningStyle = Automatic;
					};
					F5F26C731F62E6D700E036B8 = {
						CreatedOnToolsVersion = 8.3.3;
						DevelopmentTeam = 8539ME5Z8R;
						ProvisioningStyle = Automatic;
						TestTargetID = F5F26C5F1F62E6D700E036B8;
					};
					F5F26C7E1F62E6D700E036B8 = {
						CreatedOnToolsVersion = 8.3.3;
						DevelopmentTeam = 8539ME5Z8R;
						ProvisioningStyle = Automatic;
						TestTargetID = F5F26C5F1F62E6D700E036B8;
					};
				};
			};
			buildConfigurationList = F5F26C5B1F62E6D700E036B8 /* Build configuration list for PBXProject "Route Finder" */;
			compatibilityVersion = "Xcode 3.2";
			developmentRegion = English;
			hasScannedForEncodings = 0;
			knownRegions = (
				en,
				Base,
			);
			mainGroup = F5F26C571F62E6D700E036B8;
			productRefGroup = F5F26C611F62E6D700E036B8 /* Products */;
			projectDirPath = "";
			projectRoot = "";
			targets = (
				F5F26C5F1F62E6D700E036B8 /* Route Finder */,
				F5F26C731F62E6D700E036B8 /* Route FinderTests */,
				F5F26C7E1F62E6D700E036B8 /* Route FinderUITests */,
			);
		};
/* End PBXProject section */

/* Begin PBXResourcesBuildPhase section */
		F5F26C5E1F62E6D700E036B8 /* Resources */ = {
			isa = PBXResourcesBuildPhase;
			buildActionMask = 2147483647;
			files = (
				F5F26C6E1F62E6D700E036B8 /* LaunchScreen.storyboard in Resources */,
				F5F26C6B1F62E6D700E036B8 /* Assets.xcassets in Resources */,
				F5F26C691F62E6D700E036B8 /* Main.storyboard in Resources */,
			);
			runOnlyForDeploymentPostprocessing = 0;
		};
		F5F26C721F62E6D700E036B8 /* Resources */ = {
			isa = PBXResourcesBuildPhase;
			buildActionMask = 2147483647;
			files = (
			);
			runOnlyForDeploymentPostprocessing = 0;
		};
		F5F26C7D1F62E6D700E036B8 /* Resources */ = {
			isa = PBXResourcesBuildPhase;
			buildActionMask = 2147483647;
			files = (
			);
			runOnlyForDeploymentPostprocessing = 0;
		};
/* End PBXResourcesBuildPhase section */

/* Begin PBXSourcesBuildPhase section */
		F5F26C5C1F62E6D700E036B8 /* Sources */ = {
			isa = PBXSourcesBuildPhase;
			buildActionMask = 2147483647;
			files = (
				F5F26C661F62E6D700E036B8 /* ViewController.swift in Sources */,
				F5F26C641F62E6D700E036B8 /* AppDelegate.swift in Sources */,
			);
			runOnlyForDeploymentPostprocessing = 0;
		};
		F5F26C701F62E6D700E036B8 /* Sources */ = {
			isa = PBXSourcesBuildPhase;
			buildActionMask = 2147483647;
			files = (
				F5F26C791F62E6D700E036B8 /* Route_FinderTests.swift in Sources */,
			);
			runOnlyForDeploymentPostprocessing = 0;
		};
		F5F26C7B1F62E6D700E036B8 /* Sources */ = {
			isa = PBXSourcesBuildPhase;
			buildActionMask = 2147483647;
			files = (
				F5F26C841F62E6D700E036B8 /* Route_FinderUITests.swift in Sources */,
			);
			runOnlyForDeploymentPostprocessing = 0;
		};
/* End PBXSourcesBuildPhase section */

/* Begin PBXTargetDependency section */
		F5F26C761F62E6D700E036B8 /* PBXTargetDependency */ = {
			isa = PBXTargetDependency;
			target = F5F26C5F1F62E6D700E036B8 /* Route Finder */;
			targetProxy = F5F26C751F62E6D700E036B8 /* PBXContainerItemProxy */;
		};
		F5F26C811F62E6D700E036B8 /* PBXTargetDependency */ = {
			isa = PBXTargetDependency;
			target = F5F26C5F1F62E6D700E036B8 /* Route Finder */;
			targetProxy = F5F26C801F62E6D700E036B8 /* PBXContainerItemProxy */;
		};
/* End PBXTargetDependency section */

/* Begin PBXVariantGroup section */
		F5F26C671F62E6D700E036B8 /* Main.storyboard */ = {
			isa = PBXVariantGroup;
			children = (
				F5F26C681F62E6D700E036B8 /* Base */,
			);
			name = Main.storyboard;
			sourceTree = "<group>";
		};
		F5F26C6C1F62E6D700E036B8 /* LaunchScreen.storyboard */ = {
			isa = PBXVariantGroup;
			children = (
				F5F26C6D1F62E6D700E036B8 /* Base */,
			);
			name = LaunchScreen.storyboard;
			sourceTree = "<group>";
		};
/* End PBXVariantGroup section */

/* Begin XCBuildConfiguration section */
		F5F26C861F62E6D700E036B8 /* Debug */ = {
			isa = XCBuildConfiguration;
			buildSettings = {
				ALWAYS_SEARCH_USER_PATHS = NO;
				CLANG_ANALYZER_NONNULL = YES;
				CLANG_ANALYZER_NUMBER_OBJECT_CONVERSION = YES_AGGRESSIVE;
				CLANG_CXX_LANGUAGE_STANDARD = "gnu++0x";
				CLANG_CXX_LIBRARY = "libc++";
				CLANG_ENABLE_MODULES = YES;
				CLANG_ENABLE_OBJC_ARC = YES;
				CLANG_WARN_BOOL_CONVERSION = YES;
				CLANG_WARN_CONSTANT_CONVERSION = YES;
				CLANG_WARN_DIRECT_OBJC_ISA_USAGE = YES_ERROR;
				CLANG_WARN_DOCUMENTATION_COMMENTS = YES;
				CLANG_WARN_EMPTY_BODY = YES;
				CLANG_WARN_ENUM_CONVERSION = YES;
				CLANG_WARN_INFINITE_RECURSION = YES;
				CLANG_WARN_INT_CONVERSION = YES;
				CLANG_WARN_OBJC_ROOT_CLASS = YES_ERROR;
				CLANG_WARN_SUSPICIOUS_MOVE = YES;
				CLANG_WARN_UNREACHABLE_CODE = YES;
				CLANG_WARN__DUPLICATE_METHOD_MATCH = YES;
				"CODE_SIGN_IDENTITY[sdk=iphoneos*]" = "iPhone Developer";
				COPY_PHASE_STRIP = NO;
				DEBUG_INFORMATION_FORMAT = dwarf;
				ENABLE_STRICT_OBJC_MSGSEND = YES;
				ENABLE_TESTABILITY = YES;
				GCC_C_LANGUAGE_STANDARD = gnu99;
				GCC_DYNAMIC_NO_PIC = NO;
				GCC_NO_COMMON_BLOCKS = YES;
				GCC_OPTIMIZATION_LEVEL = 0;
				GCC_PREPROCESSOR_DEFINITIONS = (
					"DEBUG=1",
					"$(inherited)",
				);
				GCC_WARN_64_TO_32_BIT_CONVERSION = YES;
				GCC_WARN_ABOUT_RETURN_TYPE = YES_ERROR;
				GCC_WARN_UNDECLARED_SELECTOR = YES;
				GCC_WARN_UNINITIALIZED_AUTOS = YES_AGGRESSIVE;
				GCC_WARN_UNUSED_FUNCTION = YES;
				GCC_WARN_UNUSED_VARIABLE = YES;
				IPHONEOS_DEPLOYMENT_TARGET = 10.3;
				MTL_ENABLE_DEBUG_INFO = YES;
				ONLY_ACTIVE_ARCH = YES;
				SDKROOT = iphoneos;
				SWIFT_ACTIVE_COMPILATION_CONDITIONS = DEBUG;
				SWIFT_OPTIMIZATION_LEVEL = "-Onone";
				TARGETED_DEVICE_FAMILY = "1,2";
			};
			name = Debug;
		};
		F5F26C871F62E6D700E036B8 /* Release */ = {
			isa = XCBuildConfiguration;
			buildSettings = {
				ALWAYS_SEARCH_USER_PATHS = NO;
				CLANG_ANALYZER_NONNULL = YES;
				CLANG_ANALYZER_NUMBER_OBJECT_CONVERSION = YES_AGGRESSIVE;
				CLANG_CXX_LANGUAGE_STANDARD = "gnu++0x";
				CLANG_CXX_LIBRARY = "libc++";
				CLANG_ENABLE_MODULES = YES;
				CLANG_ENABLE_OBJC_ARC = YES;
				CLANG_WARN_BOOL_CONVERSION = YES;
				CLANG_WARN_CONSTANT_CONVERSION = YES;
				CLANG_WARN_DIRECT_OBJC_ISA_USAGE = YES_ERROR;
				CLANG_WARN_DOCUMENTATION_COMMENTS = YES;
				CLANG_WARN_EMPTY_BODY = YES;
				CLANG_WARN_ENUM_CONVERSION = YES;
				CLANG_WARN_INFINITE_RECURSION = YES;
				CLANG_WARN_INT_CONVERSION = YES;
				CLANG_WARN_OBJC_ROOT_CLASS = YES_ERROR;
				CLANG_WARN_SUSPICIOUS_MOVE = YES;
				CLANG_WARN_UNREACHABLE_CODE = YES;
				CLANG_WARN__DUPLICATE_METHOD_MATCH = YES;
				"CODE_SIGN_IDENTITY[sdk=iphoneos*]" = "iPhone Developer";
				COPY_PHASE_STRIP = NO;
				DEBUG_INFORMATION_FORMAT = "dwarf-with-dsym";
				ENABLE_NS_ASSERTIONS = NO;
				ENABLE_STRICT_OBJC_MSGSEND = YES;
				GCC_C_LANGUAGE_STANDARD = gnu99;
				GCC_NO_COMMON_BLOCKS = YES;
				GCC_WARN_64_TO_32_BIT_CONVERSION = YES;
				GCC_WARN_ABOUT_RETURN_TYPE = YES_ERROR;
				GCC_WARN_UNDECLARED_SELECTOR = YES;
				GCC_WARN_UNINITIALIZED_AUTOS = YES_AGGRESSIVE;
				GCC_WARN_UNUSED_FUNCTION = YES;
				GCC_WARN_UNUSED_VARIABLE = YES;
				IPHONEOS_DEPLOYMENT_TARGET = 10.3;
				MTL_ENABLE_DEBUG_INFO = NO;
				SDKROOT = iphoneos;
				SWIFT_OPTIMIZATION_LEVEL = "-Owholemodule";
				TARGETED_DEVICE_FAMILY = "1,2";
				VALIDATE_PRODUCT = YES;
			};
			name = Release;
		};
		F5F26C891F62E6D700E036B8 /* Debug */ = {
			isa = XCBuildConfiguration;
			buildSettings = {
				ASSETCATALOG_COMPILER_APPICON_NAME = AppIcon;
				DEVELOPMENT_TEAM = 8539ME5Z8R;
				INFOPLIST_FILE = "Route Finder/Info.plist";
				LD_RUNPATH_SEARCH_PATHS = "$(inherited) @executable_path/Frameworks";
				PRODUCT_BUNDLE_IDENTIFIER = "BP.Route-Finder";
				PRODUCT_NAME = "$(TARGET_NAME)";
				SWIFT_VERSION = 3.0;
			};
			name = Debug;
		};
		F5F26C8A1F62E6D700E036B8 /* Release */ = {
			isa = XCBuildConfiguration;
			buildSettings = {
				ASSETCATALOG_COMPILER_APPICON_NAME = AppIcon;
				DEVELOPMENT_TEAM = 8539ME5Z8R;
				INFOPLIST_FILE = "Route Finder/Info.plist";
				LD_RUNPATH_SEARCH_PATHS = "$(inherited) @executable_path/Frameworks";
				PRODUCT_BUNDLE_IDENTIFIER = "BP.Route-Finder";
				PRODUCT_NAME = "$(TARGET_NAME)";
				SWIFT_VERSION = 3.0;
			};
			name = Release;
		};
		F5F26C8C1F62E6D700E036B8 /* Debug */ = {
			isa = XCBuildConfiguration;
			buildSettings = {
				ALWAYS_EMBED_SWIFT_STANDARD_LIBRARIES = YES;
				BUNDLE_LOADER = "$(TEST_HOST)";
				DEVELOPMENT_TEAM = 8539ME5Z8R;
				INFOPLIST_FILE = "Route FinderTests/Info.plist";
				LD_RUNPATH_SEARCH_PATHS = "$(inherited) @executable_path/Frameworks @loader_path/Frameworks";
				PRODUCT_BUNDLE_IDENTIFIER = "BP.Route-FinderTests";
				PRODUCT_NAME = "$(TARGET_NAME)";
				SWIFT_VERSION = 3.0;
				TEST_HOST = "$(BUILT_PRODUCTS_DIR)/Route Finder.app/Route Finder";
			};
			name = Debug;
		};
		F5F26C8D1F62E6D700E036B8 /* Release */ = {
			isa = XCBuildConfiguration;
			buildSettings = {
				ALWAYS_EMBED_SWIFT_STANDARD_LIBRARIES = YES;
				BUNDLE_LOADER = "$(TEST_HOST)";
				DEVELOPMENT_TEAM = 8539ME5Z8R;
				INFOPLIST_FILE = "Route FinderTests/Info.plist";
				LD_RUNPATH_SEARCH_PATHS = "$(inherited) @executable_path/Frameworks @loader_path/Frameworks";
				PRODUCT_BUNDLE_IDENTIFIER = "BP.Route-FinderTests";
				PRODUCT_NAME = "$(TARGET_NAME)";
				SWIFT_VERSION = 3.0;
				TEST_HOST = "$(BUILT_PRODUCTS_DIR)/Route Finder.app/Route Finder";
			};
			name = Release;
		};
		F5F26C8F1F62E6D700E036B8 /* Debug */ = {
			isa = XCBuildConfiguration;
			buildSettings = {
				ALWAYS_EMBED_SWIFT_STANDARD_LIBRARIES = YES;
				DEVELOPMENT_TEAM = 8539ME5Z8R;
				INFOPLIST_FILE = "Route FinderUITests/Info.plist";
				LD_RUNPATH_SEARCH_PATHS = "$(inherited) @executable_path/Frameworks @loader_path/Frameworks";
				PRODUCT_BUNDLE_IDENTIFIER = "BP.Route-FinderUITests";
				PRODUCT_NAME = "$(TARGET_NAME)";
				SWIFT_VERSION = 3.0;
				TEST_TARGET_NAME = "Route Finder";
			};
			name = Debug;
		};
		F5F26C901F62E6D700E036B8 /* Release */ = {
			isa = XCBuildConfiguration;
			buildSettings = {
				ALWAYS_EMBED_SWIFT_STANDARD_LIBRARIES = YES;
				DEVELOPMENT_TEAM = 8539ME5Z8R;
				INFOPLIST_FILE = "Route FinderUITests/Info.plist";
				LD_RUNPATH_SEARCH_PATHS = "$(inherited) @executable_path/Frameworks @loader_path/Frameworks";
				PRODUCT_BUNDLE_IDENTIFIER = "BP.Route-FinderUITests";
				PRODUCT_NAME = "$(TARGET_NAME)";
				SWIFT_VERSION = 3.0;
				TEST_TARGET_NAME = "Route Finder";
			};
			name = Release;
		};
/* End XCBuildConfiguration section */

/* Begin XCConfigurationList section */
		F5F26C5B1F62E6D700E036B8 /* Build configuration list for PBXProject "Route Finder" */ = {
			isa = XCConfigurationList;
			buildConfigurations = (
				F5F26C861F62E6D700E036B8 /* Debug */,
				F5F26C871F62E6D700E036B8 /* Release */,
			);
			defaultConfigurationIsVisible = 0;
			defaultConfigurationName = Release;
		};
		F5F26C881F62E6D700E036B8 /* Build configuration list for PBXNativeTarget "Route Finder" */ = {
			isa = XCConfigurationList;
			buildConfigurations = (
				F5F26C891F62E6D700E036B8 /* Debug */,
				F5F26C8A1F62E6D700E036B8 /* Release */,
			);
			defaultConfigurationIsVisible = 0;
		};
		F5F26C8B1F62E6D700E036B8 /* Build configuration list for PBXNativeTarget "Route FinderTests" */ = {
			isa = XCConfigurationList;
			buildConfigurations = (
				F5F26C8C1F62E6D700E036B8 /* Debug */,
				F5F26C8D1F62E6D700E036B8 /* Release */,
			);
			defaultConfigurationIsVisible = 0;
		};
		F5F26C8E1F62E6D700E036B8 /* Build configuration list for PBXNativeTarget "Route FinderUITests" */ = {
			isa = XCConfigurationList;
			buildConfigurations = (
				F5F26C8F1F62E6D700E036B8 /* Debug */,
				F5F26C901F62E6D700E036B8 /* Release */,
			);
			defaultConfigurationIsVisible = 0;
		};
/* End XCConfigurationList section */
	};
	rootObject = F5F26C581F62E6D700E036B8 /* Project object */;
}
